
Microsoft Visual Studio Solution File, Format Version 12.00
# Visual Studio Version 16
VisualStudioVersion = 16.0.32630.194
MinimumVisualStudioVersion = 10.0.40219.1
Project("{FAE04EC0-301F-11D3-BF4B-00C04F79EFBC}") = "DI", "DI\DI.csproj", "{1B164A1F-0FCE-4303-8F80-C5906DF143AB}"
EndProject
Project("{FAE04EC0-301F-11D3-BF4B-00C04F79EFBC}") = "AlertLibrary", "AlertLibrary\AlertLibrary.csproj", "{364F306C-F1F2-497C-B5A0-BCD1997767BE}"
EndProject
Global
	GlobalSection(SolutionConfigurationPlatforms) = preSolution
		Debug|Any CPU = Debug|Any CPU
		Release|Any CPU = Release|Any CPU
	EndGlobalSection
	GlobalSection(ProjectConfigurationPlatforms) = postSolution
		{1B164A1F-0FCE-4303-8F80-C5906DF143AB}.Debug|Any CPU.ActiveCfg = Debug|Any CPU
		{1B164A1F-0FCE-4303-8F80-C5906DF143AB}.Debug|Any CPU.Build.0 = Debug|Any CPU
		{1B164A1F-0FCE-4303-8F80-C5906DF143AB}.Release|Any CPU.ActiveCfg = Release|Any CPU
		{1B164A1F-0FCE-4303-8F80-C5906DF143AB}.Release|Any CPU.Build.0 = Release|Any CPU
		{364F306C-F1F2-497C-B5A0-BCD1997767BE}.Debug|Any CPU.ActiveCfg = Debug|Any CPU
		{364F306C-F1F2-497C-B5A0-BCD1997767BE}.Debug|Any CPU.Build.0 = Debug|Any CPU
		{364F306C-F1F2-497C-B5A0-BCD1997767BE}.Release|Any CPU.ActiveCfg = Release|Any CPU
		{364F306C-F1F2-497C-B5A0-BCD1997767BE}.Release|Any CPU.Build.0 = Release|Any CPU
	EndGlobalSection
	GlobalSection(SolutionProperties) = preSolution
		HideSolutionNode = FALSE
	EndGlobalSection
	GlobalSection(ExtensibilityGlobals) = postSolution
		SolutionGuid = {5AA3E1A0-996C-4CE2-9C8F-9672A903D6C2}
	EndGlobalSection
EndGlobal
